
Microsoft Visual Studio Solution File, Format Version 12.00
# Visual Studio Version 17
Project("{8BC9CEB8-8B4A-11D0-8D11-00A0C91BC942}") = "SpotiVol", "SpotiVol\SpotiVol.vcxproj", "{05ACE0CD-F178-3BD9-1A92-298106BE7067}"
EndProject
Project("{2150E333-8FDC-42A3-9474-1A3956D46DE8}") = "Dependencies", "Dependencies", "{53E47842-3FC8-3998-A828-34EB942B241A}"
EndProject
Project("{8BC9CEB8-8B4A-11D0-8D11-00A0C91BC942}") = "ImGui", "Dependencies\ImGui\ImGui.vcxproj", "{C0FF640D-2C14-8DBE-F595-301E616989EF}"
EndProject
Project("{8BC9CEB8-8B4A-11D0-8D11-00A0C91BC942}") = "SVNet", "Dependencies\SVNet\SVNet.vcxproj", "{D5730D0E-4188-35BF-0A0A-D91E76DD31F0}"
EndProject
Project("{8BC9CEB8-8B4A-11D0-8D11-00A0C91BC942}") = "SpotiVolClient", "SpotiVolClient\SpotiVolClient.vcxproj", "{6424BCFB-50F2-AF01-3986-202825F38B66}"
EndProject
Global
	GlobalSection(SolutionConfigurationPlatforms) = preSolution
		Debug|x64 = Debug|x64
		Dist|x64 = Dist|x64
		Release|x64 = Release|x64
	EndGlobalSection
	GlobalSection(ProjectConfigurationPlatforms) = postSolution
		{05ACE0CD-F178-3BD9-1A92-298106BE7067}.Debug|x64.ActiveCfg = Debug|x64
		{05ACE0CD-F178-3BD9-1A92-298106BE7067}.Debug|x64.Build.0 = Debug|x64
		{05ACE0CD-F178-3BD9-1A92-298106BE7067}.Dist|x64.ActiveCfg = Dist|x64
		{05ACE0CD-F178-3BD9-1A92-298106BE7067}.Dist|x64.Build.0 = Dist|x64
		{05ACE0CD-F178-3BD9-1A92-298106BE7067}.Release|x64.ActiveCfg = Release|x64
		{05ACE0CD-F178-3BD9-1A92-298106BE7067}.Release|x64.Build.0 = Release|x64
		{C0FF640D-2C14-8DBE-F595-301E616989EF}.Debug|x64.ActiveCfg = Debug|x64
		{C0FF640D-2C14-8DBE-F595-301E616989EF}.Debug|x64.Build.0 = Debug|x64
		{C0FF640D-2C14-8DBE-F595-301E616989EF}.Dist|x64.ActiveCfg = Dist|x64
		{C0FF640D-2C14-8DBE-F595-301E616989EF}.Dist|x64.Build.0 = Dist|x64
		{C0FF640D-2C14-8DBE-F595-301E616989EF}.Release|x64.ActiveCfg = Release|x64
		{C0FF640D-2C14-8DBE-F595-301E616989EF}.Release|x64.Build.0 = Release|x64
		{D5730D0E-4188-35BF-0A0A-D91E76DD31F0}.Debug|x64.ActiveCfg = Debug|x64
		{D5730D0E-4188-35BF-0A0A-D91E76DD31F0}.Debug|x64.Build.0 = Debug|x64
		{D5730D0E-4188-35BF-0A0A-D91E76DD31F0}.Dist|x64.ActiveCfg = Dist|x64
		{D5730D0E-4188-35BF-0A0A-D91E76DD31F0}.Dist|x64.Build.0 = Dist|x64
		{D5730D0E-4188-35BF-0A0A-D91E76DD31F0}.Release|x64.ActiveCfg = Release|x64
		{D5730D0E-4188-35BF-0A0A-D91E76DD31F0}.Release|x64.Build.0 = Release|x64
		{6424BCFB-50F2-AF01-3986-202825F38B66}.Debug|x64.ActiveCfg = Debug|x64
		{6424BCFB-50F2-AF01-3986-202825F38B66}.Debug|x64.Build.0 = Debug|x64
		{6424BCFB-50F2-AF01-3986-202825F38B66}.Dist|x64.ActiveCfg = Dist|x64
		{6424BCFB-50F2-AF01-3986-202825F38B66}.Dist|x64.Build.0 = Dist|x64
		{6424BCFB-50F2-AF01-3986-202825F38B66}.Release|x64.ActiveCfg = Release|x64
		{6424BCFB-50F2-AF01-3986-202825F38B66}.Release|x64.Build.0 = Release|x64
	EndGlobalSection
	GlobalSection(SolutionProperties) = preSolution
		HideSolutionNode = FALSE
	EndGlobalSection
	GlobalSection(NestedProjects) = preSolution
		{C0FF640D-2C14-8DBE-F595-301E616989EF} = {53E47842-3FC8-3998-A828-34EB942B241A}
		{D5730D0E-4188-35BF-0A0A-D91E76DD31F0} = {53E47842-3FC8-3998-A828-34EB942B241A}
	EndGlobalSection
EndGlobal
